
Microsoft Visual Studio Solution File, Format Version 12.00
# Visual Studio Version 17
VisualStudioVersion = 17.5.002.0
MinimumVisualStudioVersion = 10.0.40219.1
Project("{9A19103F-16F7-4668-BE54-9A1E7A4F7556}") = "te23e-prog1-maxfrysmastarn36", "te23e-prog1-maxfrysmastarn36.csproj", "{1D1B3AF0-B57D-47A3-AB5D-C566FD375992}"
EndProject
Project("{9A19103F-16F7-4668-BE54-9A1E7A4F7556}") = "Kapitel1", "Kapitel1\Kapitel1.csproj", "{B8B89EA9-EB6F-427C-B9A6-6A0665CE57D9}"
EndProject
Global
	GlobalSection(SolutionConfigurationPlatforms) = preSolution
		Debug|Any CPU = Debug|Any CPU
		Release|Any CPU = Release|Any CPU
	EndGlobalSection
	GlobalSection(ProjectConfigurationPlatforms) = postSolution
		{1D1B3AF0-B57D-47A3-AB5D-C566FD375992}.Debug|Any CPU.ActiveCfg = Debug|Any CPU
		{1D1B3AF0-B57D-47A3-AB5D-C566FD375992}.Debug|Any CPU.Build.0 = Debug|Any CPU
		{1D1B3AF0-B57D-47A3-AB5D-C566FD375992}.Release|Any CPU.ActiveCfg = Release|Any CPU
		{1D1B3AF0-B57D-47A3-AB5D-C566FD375992}.Release|Any CPU.Build.0 = Release|Any CPU
		{B8B89EA9-EB6F-427C-B9A6-6A0665CE57D9}.Debug|Any CPU.ActiveCfg = Debug|Any CPU
		{B8B89EA9-EB6F-427C-B9A6-6A0665CE57D9}.Debug|Any CPU.Build.0 = Debug|Any CPU
		{B8B89EA9-EB6F-427C-B9A6-6A0665CE57D9}.Release|Any CPU.ActiveCfg = Release|Any CPU
		{B8B89EA9-EB6F-427C-B9A6-6A0665CE57D9}.Release|Any CPU.Build.0 = Release|Any CPU
	EndGlobalSection
	GlobalSection(SolutionProperties) = preSolution
		HideSolutionNode = FALSE
	EndGlobalSection
	GlobalSection(ExtensibilityGlobals) = postSolution
		SolutionGuid = {1C55E806-30A4-44E7-921A-27315CDF95F3}
	EndGlobalSection
EndGlobal
